// !$*UTF8*$!
{
	archiveVersion = 1;
	classes = {
	};
	objectVersion = 51;
	objects = {

/* Begin PBXBuildFile section */
		4B87E3026476D54E29868064 /* Pods_AHSClubXTests.framework in Frameworks */ = {isa = PBXBuildFile; fileRef = BD8962F20F35DC415A050B7C /* Pods_AHSClubXTests.framework */; };
		906CB789259E563100E3D708 /* GoogleService-Info.plist in Resources */ = {isa = PBXBuildFile; fileRef = 906CB6FB259E538100E3D708 /* GoogleService-Info.plist */; };
		907007D5259860F200F64F25 /* EventEditorViewController.swift in Sources */ = {isa = PBXBuildFile; fileRef = 907007D4259860F200F64F25 /* EventEditorViewController.swift */; };
		907007DA259860F500F64F25 /* EventTableViewCell.swift in Sources */ = {isa = PBXBuildFile; fileRef = 907007D9259860F500F64F25 /* EventTableViewCell.swift */; };
		907007E4259860FC00F64F25 /* Event.swift in Sources */ = {isa = PBXBuildFile; fileRef = 907007E3259860FC00F64F25 /* Event.swift */; };
		907007F82598648600F64F25 /* LoginVC.swift in Sources */ = {isa = PBXBuildFile; fileRef = 907007F72598648600F64F25 /* LoginVC.swift */; };
		9070080325986F1C00F64F25 /* EventTableViewController.swift in Sources */ = {isa = PBXBuildFile; fileRef = 9070080225986F1B00F64F25 /* EventTableViewController.swift */; };
		A5CC1140256477E000872D39 /* AppDelegate.swift in Sources */ = {isa = PBXBuildFile; fileRef = A5CC113F256477E000872D39 /* AppDelegate.swift */; };
		A5CC1142256477E000872D39 /* SceneDelegate.swift in Sources */ = {isa = PBXBuildFile; fileRef = A5CC1141256477E000872D39 /* SceneDelegate.swift */; };
		A5CC1147256477E000872D39 /* Main.storyboard in Resources */ = {isa = PBXBuildFile; fileRef = A5CC1145256477E000872D39 /* Main.storyboard */; };
		A5CC1149256477E000872D39 /* Assets.xcassets in Resources */ = {isa = PBXBuildFile; fileRef = A5CC1148256477E000872D39 /* Assets.xcassets */; };
		A5CC114C256477E000872D39 /* LaunchScreen.storyboard in Resources */ = {isa = PBXBuildFile; fileRef = A5CC114A256477E000872D39 /* LaunchScreen.storyboard */; };
		A5CC1157256477E000872D39 /* AHSClubXTests.swift in Sources */ = {isa = PBXBuildFile; fileRef = A5CC1156256477E000872D39 /* AHSClubXTests.swift */; };
		A5CC1162256477E100872D39 /* AHSClubXUITests.swift in Sources */ = {isa = PBXBuildFile; fileRef = A5CC1161256477E100872D39 /* AHSClubXUITests.swift */; };
		AE008FD0AE4F99B76384A8EC /* Pods_AHSClubX.framework in Frameworks */ = {isa = PBXBuildFile; fileRef = 0110AD004B76EC853CE1D5DC /* Pods_AHSClubX.framework */; };
		B7886EAB61CE962F92FA7B1C /* Pods_AHSClubX_AHSClubXUITests.framework in Frameworks */ = {isa = PBXBuildFile; fileRef = 3138C94D7455D301363BB748 /* Pods_AHSClubX_AHSClubXUITests.framework */; };
/* End PBXBuildFile section */

/* Begin PBXContainerItemProxy section */
		A5CC1153256477E000872D39 /* PBXContainerItemProxy */ = {
			isa = PBXContainerItemProxy;
			containerPortal = A5CC1134256477E000872D39 /* Project object */;
			proxyType = 1;
			remoteGlobalIDString = A5CC113B256477E000872D39;
			remoteInfo = AHSClubX;
		};
		A5CC115E256477E100872D39 /* PBXContainerItemProxy */ = {
			isa = PBXContainerItemProxy;
			containerPortal = A5CC1134256477E000872D39 /* Project object */;
			proxyType = 1;
			remoteGlobalIDString = A5CC113B256477E000872D39;
			remoteInfo = AHSClubX;
		};
/* End PBXContainerItemProxy section */

/* Begin PBXFileReference section */
		0110AD004B76EC853CE1D5DC /* Pods_AHSClubX.framework */ = {isa = PBXFileReference; explicitFileType = wrapper.framework; includeInIndex = 0; path = Pods_AHSClubX.framework; sourceTree = BUILT_PRODUCTS_DIR; };
		3138C94D7455D301363BB748 /* Pods_AHSClubX_AHSClubXUITests.framework */ = {isa = PBXFileReference; explicitFileType = wrapper.framework; includeInIndex = 0; path = Pods_AHSClubX_AHSClubXUITests.framework; sourceTree = BUILT_PRODUCTS_DIR; };
		395B31CB132E4F8B2BDB93D8 /* Pods-AHSClubX-AHSClubXUITests.release.xcconfig */ = {isa = PBXFileReference; includeInIndex = 1; lastKnownFileType = text.xcconfig; name = "Pods-AHSClubX-AHSClubXUITests.release.xcconfig"; path = "Target Support Files/Pods-AHSClubX-AHSClubXUITests/Pods-AHSClubX-AHSClubXUITests.release.xcconfig"; sourceTree = "<group>"; };
		437F5975AD6741E8A5ED08C4 /* Pods-AHSClubXTests.release.xcconfig */ = {isa = PBXFileReference; includeInIndex = 1; lastKnownFileType = text.xcconfig; name = "Pods-AHSClubXTests.release.xcconfig"; path = "Target Support Files/Pods-AHSClubXTests/Pods-AHSClubXTests.release.xcconfig"; sourceTree = "<group>"; };
		46A3C2E5A167CED9D4B7E382 /* Pods-AHSClubX-AHSClubXUITests.debug.xcconfig */ = {isa = PBXFileReference; includeInIndex = 1; lastKnownFileType = text.xcconfig; name = "Pods-AHSClubX-AHSClubXUITests.debug.xcconfig"; path = "Target Support Files/Pods-AHSClubX-AHSClubXUITests/Pods-AHSClubX-AHSClubXUITests.debug.xcconfig"; sourceTree = "<group>"; };
		712455559C92C2A563C52062 /* Pods-AHSClubXTests.debug.xcconfig */ = {isa = PBXFileReference; includeInIndex = 1; lastKnownFileType = text.xcconfig; name = "Pods-AHSClubXTests.debug.xcconfig"; path = "Target Support Files/Pods-AHSClubXTests/Pods-AHSClubXTests.debug.xcconfig"; sourceTree = "<group>"; };
		904FAD1A0A50EE488D4EDADC /* Pods-AHSClubX.debug.xcconfig */ = {isa = PBXFileReference; includeInIndex = 1; lastKnownFileType = text.xcconfig; name = "Pods-AHSClubX.debug.xcconfig"; path = "Target Support Files/Pods-AHSClubX/Pods-AHSClubX.debug.xcconfig"; sourceTree = "<group>"; };
		906CB6FB259E538100E3D708 /* GoogleService-Info.plist */ = {isa = PBXFileReference; fileEncoding = 4; lastKnownFileType = text.plist.xml; path = "GoogleService-Info.plist"; sourceTree = "<group>"; };
		906CB700259E54F900E3D708 /* Info.plist */ = {isa = PBXFileReference; fileEncoding = 4; lastKnownFileType = text.plist.xml; path = Info.plist; sourceTree = "<group>"; };
		907007D4259860F200F64F25 /* EventEditorViewController.swift */ = {isa = PBXFileReference; lastKnownFileType = sourcecode.swift; path = EventEditorViewController.swift; sourceTree = "<group>"; };
		907007D9259860F500F64F25 /* EventTableViewCell.swift */ = {isa = PBXFileReference; lastKnownFileType = sourcecode.swift; path = EventTableViewCell.swift; sourceTree = "<group>"; };
		907007E3259860FC00F64F25 /* Event.swift */ = {isa = PBXFileReference; lastKnownFileType = sourcecode.swift; path = Event.swift; sourceTree = "<group>"; };
		907007F72598648600F64F25 /* LoginVC.swift */ = {isa = PBXFileReference; fileEncoding = 4; lastKnownFileType = sourcecode.swift; path = LoginVC.swift; sourceTree = "<group>"; };
		9070080225986F1B00F64F25 /* EventTableViewController.swift */ = {isa = PBXFileReference; fileEncoding = 4; lastKnownFileType = sourcecode.swift; path = EventTableViewController.swift; sourceTree = "<group>"; };
		A5CC113C256477E000872D39 /* AHSClubX.app */ = {isa = PBXFileReference; explicitFileType = wrapper.application; includeInIndex = 0; path = AHSClubX.app; sourceTree = BUILT_PRODUCTS_DIR; };
		A5CC113F256477E000872D39 /* AppDelegate.swift */ = {isa = PBXFileReference; lastKnownFileType = sourcecode.swift; path = AppDelegate.swift; sourceTree = "<group>"; };
		A5CC1141256477E000872D39 /* SceneDelegate.swift */ = {isa = PBXFileReference; lastKnownFileType = sourcecode.swift; path = SceneDelegate.swift; sourceTree = "<group>"; };
		A5CC1146256477E000872D39 /* Base */ = {isa = PBXFileReference; lastKnownFileType = file.storyboard; name = Base; path = Base.lproj/Main.storyboard; sourceTree = "<group>"; };
		A5CC1148256477E000872D39 /* Assets.xcassets */ = {isa = PBXFileReference; lastKnownFileType = folder.assetcatalog; path = Assets.xcassets; sourceTree = "<group>"; };
		A5CC114B256477E000872D39 /* Base */ = {isa = PBXFileReference; lastKnownFileType = file.storyboard; name = Base; path = Base.lproj/LaunchScreen.storyboard; sourceTree = "<group>"; };
		A5CC1152256477E000872D39 /* AHSClubXTests.xctest */ = {isa = PBXFileReference; explicitFileType = wrapper.cfbundle; includeInIndex = 0; path = AHSClubXTests.xctest; sourceTree = BUILT_PRODUCTS_DIR; };
		A5CC1156256477E000872D39 /* AHSClubXTests.swift */ = {isa = PBXFileReference; lastKnownFileType = sourcecode.swift; path = AHSClubXTests.swift; sourceTree = "<group>"; };
		A5CC1158256477E000872D39 /* Info.plist */ = {isa = PBXFileReference; lastKnownFileType = text.plist.xml; path = Info.plist; sourceTree = "<group>"; };
		A5CC115D256477E100872D39 /* AHSClubXUITests.xctest */ = {isa = PBXFileReference; explicitFileType = wrapper.cfbundle; includeInIndex = 0; path = AHSClubXUITests.xctest; sourceTree = BUILT_PRODUCTS_DIR; };
		A5CC1161256477E100872D39 /* AHSClubXUITests.swift */ = {isa = PBXFileReference; lastKnownFileType = sourcecode.swift; path = AHSClubXUITests.swift; sourceTree = "<group>"; };
		A5CC1163256477E100872D39 /* Info.plist */ = {isa = PBXFileReference; lastKnownFileType = text.plist.xml; path = Info.plist; sourceTree = "<group>"; };
		BD8962F20F35DC415A050B7C /* Pods_AHSClubXTests.framework */ = {isa = PBXFileReference; explicitFileType = wrapper.framework; includeInIndex = 0; path = Pods_AHSClubXTests.framework; sourceTree = BUILT_PRODUCTS_DIR; };
		CC6CA5B096AA1962BFE1F08F /* Pods-AHSClubX.release.xcconfig */ = {isa = PBXFileReference; includeInIndex = 1; lastKnownFileType = text.xcconfig; name = "Pods-AHSClubX.release.xcconfig"; path = "Target Support Files/Pods-AHSClubX/Pods-AHSClubX.release.xcconfig"; sourceTree = "<group>"; };
/* End PBXFileReference section */

/* Begin PBXFrameworksBuildPhase section */
		A5CC1139256477E000872D39 /* Frameworks */ = {
			isa = PBXFrameworksBuildPhase;
			buildActionMask = 2147483647;
			files = (
				AE008FD0AE4F99B76384A8EC /* Pods_AHSClubX.framework in Frameworks */,
			);
			runOnlyForDeploymentPostprocessing = 0;
		};
		A5CC114F256477E000872D39 /* Frameworks */ = {
			isa = PBXFrameworksBuildPhase;
			buildActionMask = 2147483647;
			files = (
				4B87E3026476D54E29868064 /* Pods_AHSClubXTests.framework in Frameworks */,
			);
			runOnlyForDeploymentPostprocessing = 0;
		};
		A5CC115A256477E100872D39 /* Frameworks */ = {
			isa = PBXFrameworksBuildPhase;
			buildActionMask = 2147483647;
			files = (
				B7886EAB61CE962F92FA7B1C /* Pods_AHSClubX_AHSClubXUITests.framework in Frameworks */,
			);
			runOnlyForDeploymentPostprocessing = 0;
		};
/* End PBXFrameworksBuildPhase section */

/* Begin PBXGroup section */
		0E42E69DF42FFEB6EFD3B33B /* Frameworks */ = {
			isa = PBXGroup;
			children = (
				0110AD004B76EC853CE1D5DC /* Pods_AHSClubX.framework */,
				3138C94D7455D301363BB748 /* Pods_AHSClubX_AHSClubXUITests.framework */,
				BD8962F20F35DC415A050B7C /* Pods_AHSClubXTests.framework */,
			);
			name = Frameworks;
			sourceTree = "<group>";
		};
		907007CE259860B900F64F25 /* EventHandler */ = {
			isa = PBXGroup;
			children = (
				907007E3259860FC00F64F25 /* Event.swift */,
				907007D4259860F200F64F25 /* EventEditorViewController.swift */,
				907007D9259860F500F64F25 /* EventTableViewCell.swift */,
				9070080225986F1B00F64F25 /* EventTableViewController.swift */,
			);
			path = EventHandler;
			sourceTree = "<group>";
		};
		A5CC1133256477E000872D39 = {
			isa = PBXGroup;
			children = (
				A5CC113E256477E000872D39 /* AHSClubX */,
				A5CC1155256477E000872D39 /* AHSClubXTests */,
				A5CC1160256477E100872D39 /* AHSClubXUITests */,
				A5CC113D256477E000872D39 /* Products */,
				D9C5DAC8DAB940FF908E0A10 /* Pods */,
				0E42E69DF42FFEB6EFD3B33B /* Frameworks */,
			);
			sourceTree = "<group>";
		};
		A5CC113D256477E000872D39 /* Products */ = {
			isa = PBXGroup;
			children = (
				A5CC113C256477E000872D39 /* AHSClubX.app */,
				A5CC1152256477E000872D39 /* AHSClubXTests.xctest */,
				A5CC115D256477E100872D39 /* AHSClubXUITests.xctest */,
			);
			name = Products;
			sourceTree = "<group>";
		};
		A5CC113E256477E000872D39 /* AHSClubX */ = {
			isa = PBXGroup;
			children = (
				A5CC113F256477E000872D39 /* AppDelegate.swift */,
				A5CC1141256477E000872D39 /* SceneDelegate.swift */,
				907007F72598648600F64F25 /* LoginVC.swift */,
				907007CE259860B900F64F25 /* EventHandler */,
				A5CC1145256477E000872D39 /* Main.storyboard */,
				A5CC1148256477E000872D39 /* Assets.xcassets */,
				A5CC114A256477E000872D39 /* LaunchScreen.storyboard */,
				906CB700259E54F900E3D708 /* Info.plist */,
				906CB6FB259E538100E3D708 /* GoogleService-Info.plist */,
			);
			path = AHSClubX;
			sourceTree = "<group>";
		};
		A5CC1155256477E000872D39 /* AHSClubXTests */ = {
			isa = PBXGroup;
			children = (
				A5CC1156256477E000872D39 /* AHSClubXTests.swift */,
				A5CC1158256477E000872D39 /* Info.plist */,
			);
			path = AHSClubXTests;
			sourceTree = "<group>";
		};
		A5CC1160256477E100872D39 /* AHSClubXUITests */ = {
			isa = PBXGroup;
			children = (
				A5CC1161256477E100872D39 /* AHSClubXUITests.swift */,
				A5CC1163256477E100872D39 /* Info.plist */,
			);
			path = AHSClubXUITests;
			sourceTree = "<group>";
		};
		D9C5DAC8DAB940FF908E0A10 /* Pods */ = {
			isa = PBXGroup;
			children = (
				904FAD1A0A50EE488D4EDADC /* Pods-AHSClubX.debug.xcconfig */,
				CC6CA5B096AA1962BFE1F08F /* Pods-AHSClubX.release.xcconfig */,
				46A3C2E5A167CED9D4B7E382 /* Pods-AHSClubX-AHSClubXUITests.debug.xcconfig */,
				395B31CB132E4F8B2BDB93D8 /* Pods-AHSClubX-AHSClubXUITests.release.xcconfig */,
				712455559C92C2A563C52062 /* Pods-AHSClubXTests.debug.xcconfig */,
				437F5975AD6741E8A5ED08C4 /* Pods-AHSClubXTests.release.xcconfig */,
			);
			path = Pods;
			sourceTree = "<group>";
		};
/* End PBXGroup section */

/* Begin PBXNativeTarget section */
		A5CC113B256477E000872D39 /* AHSClubX */ = {
			isa = PBXNativeTarget;
			buildConfigurationList = A5CC1166256477E100872D39 /* Build configuration list for PBXNativeTarget "AHSClubX" */;
			buildPhases = (
				01AF1ACD6BB753831D75AE09 /* [CP] Check Pods Manifest.lock */,
				A5CC1138256477E000872D39 /* Sources */,
				A5CC1139256477E000872D39 /* Frameworks */,
				A5CC113A256477E000872D39 /* Resources */,
				CC08CFCB2140B35F23A20793 /* [CP] Embed Pods Frameworks */,
				9EDF14B518504788D58C6E28 /* [CP] Copy Pods Resources */,
			);
			buildRules = (
			);
			dependencies = (
			);
			name = AHSClubX;
			productName = AHSClubX;
			productReference = A5CC113C256477E000872D39 /* AHSClubX.app */;
			productType = "com.apple.product-type.application";
		};
		A5CC1151256477E000872D39 /* AHSClubXTests */ = {
			isa = PBXNativeTarget;
			buildConfigurationList = A5CC1169256477E100872D39 /* Build configuration list for PBXNativeTarget "AHSClubXTests" */;
			buildPhases = (
				C324BD18EE0AE01842002B56 /* [CP] Check Pods Manifest.lock */,
				A5CC114E256477E000872D39 /* Sources */,
				A5CC114F256477E000872D39 /* Frameworks */,
				A5CC1150256477E000872D39 /* Resources */,
			);
			buildRules = (
			);
			dependencies = (
				A5CC1154256477E000872D39 /* PBXTargetDependency */,
			);
			name = AHSClubXTests;
			productName = AHSClubXTests;
			productReference = A5CC1152256477E000872D39 /* AHSClubXTests.xctest */;
			productType = "com.apple.product-type.bundle.unit-test";
		};
		A5CC115C256477E100872D39 /* AHSClubXUITests */ = {
			isa = PBXNativeTarget;
			buildConfigurationList = A5CC116C256477E100872D39 /* Build configuration list for PBXNativeTarget "AHSClubXUITests" */;
			buildPhases = (
				E371A88EB78CCE5AF125661E /* [CP] Check Pods Manifest.lock */,
				A5CC1159256477E100872D39 /* Sources */,
				A5CC115A256477E100872D39 /* Frameworks */,
				A5CC115B256477E100872D39 /* Resources */,
				8528685E4A9977D43B6C566B /* [CP] Embed Pods Frameworks */,
				49701B26A410A7128B668A0A /* [CP] Copy Pods Resources */,
			);
			buildRules = (
			);
			dependencies = (
				A5CC115F256477E100872D39 /* PBXTargetDependency */,
			);
			name = AHSClubXUITests;
			productName = AHSClubXUITests;
			productReference = A5CC115D256477E100872D39 /* AHSClubXUITests.xctest */;
			productType = "com.apple.product-type.bundle.ui-testing";
		};
/* End PBXNativeTarget section */

/* Begin PBXProject section */
		A5CC1134256477E000872D39 /* Project object */ = {
			isa = PBXProject;
			attributes = {
				LastSwiftUpdateCheck = 1220;
				LastUpgradeCheck = 1220;
				TargetAttributes = {
					A5CC113B256477E000872D39 = {
						CreatedOnToolsVersion = 12.2;
					};
					A5CC1151256477E000872D39 = {
						CreatedOnToolsVersion = 12.2;
						TestTargetID = A5CC113B256477E000872D39;
					};
					A5CC115C256477E100872D39 = {
						CreatedOnToolsVersion = 12.2;
						TestTargetID = A5CC113B256477E000872D39;
					};
				};
			};
			buildConfigurationList = A5CC1137256477E000872D39 /* Build configuration list for PBXProject "AHSClubX" */;
			compatibilityVersion = "Xcode 9.3";
			developmentRegion = en;
			hasScannedForEncodings = 0;
			knownRegions = (
				en,
				Base,
			);
			mainGroup = A5CC1133256477E000872D39;
			productRefGroup = A5CC113D256477E000872D39 /* Products */;
			projectDirPath = "";
			projectRoot = "";
			targets = (
				A5CC113B256477E000872D39 /* AHSClubX */,
				A5CC1151256477E000872D39 /* AHSClubXTests */,
				A5CC115C256477E100872D39 /* AHSClubXUITests */,
			);
		};
/* End PBXProject section */

/* Begin PBXResourcesBuildPhase section */
		A5CC113A256477E000872D39 /* Resources */ = {
			isa = PBXResourcesBuildPhase;
			buildActionMask = 2147483647;
			files = (
				906CB789259E563100E3D708 /* GoogleService-Info.plist in Resources */,
				A5CC114C256477E000872D39 /* LaunchScreen.storyboard in Resources */,
				A5CC1149256477E000872D39 /* Assets.xcassets in Resources */,
				A5CC1147256477E000872D39 /* Main.storyboard in Resources */,
			);
			runOnlyForDeploymentPostprocessing = 0;
		};
		A5CC1150256477E000872D39 /* Resources */ = {
			isa = PBXResourcesBuildPhase;
			buildActionMask = 2147483647;
			files = (
			);
			runOnlyForDeploymentPostprocessing = 0;
		};
		A5CC115B256477E100872D39 /* Resources */ = {
			isa = PBXResourcesBuildPhase;
			buildActionMask = 2147483647;
			files = (
			);
			runOnlyForDeploymentPostprocessing = 0;
		};
/* End PBXResourcesBuildPhase section */

/* Begin PBXShellScriptBuildPhase section */
		01AF1ACD6BB753831D75AE09 /* [CP] Check Pods Manifest.lock */ = {
			isa = PBXShellScriptBuildPhase;
			buildActionMask = 2147483647;
			files = (
			);
			inputFileListPaths = (
			);
			inputPaths = (
				"${PODS_PODFILE_DIR_PATH}/Podfile.lock",
				"${PODS_ROOT}/Manifest.lock",
			);
			name = "[CP] Check Pods Manifest.lock";
			outputFileListPaths = (
			);
			outputPaths = (
				"$(DERIVED_FILE_DIR)/Pods-AHSClubX-checkManifestLockResult.txt",
			);
			runOnlyForDeploymentPostprocessing = 0;
			shellPath = /bin/sh;
			shellScript = "diff \"${PODS_PODFILE_DIR_PATH}/Podfile.lock\" \"${PODS_ROOT}/Manifest.lock\" > /dev/null\nif [ $? != 0 ] ; then\n    # print error to STDERR\n    echo \"error: The sandbox is not in sync with the Podfile.lock. Run 'pod install' or update your CocoaPods installation.\" >&2\n    exit 1\nfi\n# This output is used by Xcode 'outputs' to avoid re-running this script phase.\necho \"SUCCESS\" > \"${SCRIPT_OUTPUT_FILE_0}\"\n";
			showEnvVarsInLog = 0;
		};
		49701B26A410A7128B668A0A /* [CP] Copy Pods Resources */ = {
			isa = PBXShellScriptBuildPhase;
			buildActionMask = 2147483647;
			files = (
			);
			inputFileListPaths = (
				"${PODS_ROOT}/Target Support Files/Pods-AHSClubX-AHSClubXUITests/Pods-AHSClubX-AHSClubXUITests-resources-${CONFIGURATION}-input-files.xcfilelist",
			);
			name = "[CP] Copy Pods Resources";
			outputFileListPaths = (
				"${PODS_ROOT}/Target Support Files/Pods-AHSClubX-AHSClubXUITests/Pods-AHSClubX-AHSClubXUITests-resources-${CONFIGURATION}-output-files.xcfilelist",
			);
			runOnlyForDeploymentPostprocessing = 0;
			shellPath = /bin/sh;
			shellScript = "\"${PODS_ROOT}/Target Support Files/Pods-AHSClubX-AHSClubXUITests/Pods-AHSClubX-AHSClubXUITests-resources.sh\"\n";
			showEnvVarsInLog = 0;
		};
		8528685E4A9977D43B6C566B /* [CP] Embed Pods Frameworks */ = {
			isa = PBXShellScriptBuildPhase;
			buildActionMask = 2147483647;
			files = (
			);
			inputFileListPaths = (
				"${PODS_ROOT}/Target Support Files/Pods-AHSClubX-AHSClubXUITests/Pods-AHSClubX-AHSClubXUITests-frameworks-${CONFIGURATION}-input-files.xcfilelist",
			);
			name = "[CP] Embed Pods Frameworks";
			outputFileListPaths = (
				"${PODS_ROOT}/Target Support Files/Pods-AHSClubX-AHSClubXUITests/Pods-AHSClubX-AHSClubXUITests-frameworks-${CONFIGURATION}-output-files.xcfilelist",
			);
			runOnlyForDeploymentPostprocessing = 0;
			shellPath = /bin/sh;
			shellScript = "\"${PODS_ROOT}/Target Support Files/Pods-AHSClubX-AHSClubXUITests/Pods-AHSClubX-AHSClubXUITests-frameworks.sh\"\n";
			showEnvVarsInLog = 0;
		};
		9EDF14B518504788D58C6E28 /* [CP] Copy Pods Resources */ = {
			isa = PBXShellScriptBuildPhase;
			buildActionMask = 2147483647;
			files = (
			);
			inputFileListPaths = (
				"${PODS_ROOT}/Target Support Files/Pods-AHSClubX/Pods-AHSClubX-resources-${CONFIGURATION}-input-files.xcfilelist",
			);
			name = "[CP] Copy Pods Resources";
			outputFileListPaths = (
				"${PODS_ROOT}/Target Support Files/Pods-AHSClubX/Pods-AHSClubX-resources-${CONFIGURATION}-output-files.xcfilelist",
			);
			runOnlyForDeploymentPostprocessing = 0;
			shellPath = /bin/sh;
			shellScript = "\"${PODS_ROOT}/Target Support Files/Pods-AHSClubX/Pods-AHSClubX-resources.sh\"\n";
			showEnvVarsInLog = 0;
		};
		C324BD18EE0AE01842002B56 /* [CP] Check Pods Manifest.lock */ = {
			isa = PBXShellScriptBuildPhase;
			buildActionMask = 2147483647;
			files = (
			);
			inputFileListPaths = (
			);
			inputPaths = (
				"${PODS_PODFILE_DIR_PATH}/Podfile.lock",
				"${PODS_ROOT}/Manifest.lock",
			);
			name = "[CP] Check Pods Manifest.lock";
			outputFileListPaths = (
			);
			outputPaths = (
				"$(DERIVED_FILE_DIR)/Pods-AHSClubXTests-checkManifestLockResult.txt",
			);
			runOnlyForDeploymentPostprocessing = 0;
			shellPath = /bin/sh;
			shellScript = "diff \"${PODS_PODFILE_DIR_PATH}/Podfile.lock\" \"${PODS_ROOT}/Manifest.lock\" > /dev/null\nif [ $? != 0 ] ; then\n    # print error to STDERR\n    echo \"error: The sandbox is not in sync with the Podfile.lock. Run 'pod install' or update your CocoaPods installation.\" >&2\n    exit 1\nfi\n# This output is used by Xcode 'outputs' to avoid re-running this script phase.\necho \"SUCCESS\" > \"${SCRIPT_OUTPUT_FILE_0}\"\n";
			showEnvVarsInLog = 0;
		};
		CC08CFCB2140B35F23A20793 /* [CP] Embed Pods Frameworks */ = {
			isa = PBXShellScriptBuildPhase;
			buildActionMask = 2147483647;
			files = (
			);
			inputFileListPaths = (
				"${PODS_ROOT}/Target Support Files/Pods-AHSClubX/Pods-AHSClubX-frameworks-${CONFIGURATION}-input-files.xcfilelist",
			);
			name = "[CP] Embed Pods Frameworks";
			outputFileListPaths = (
				"${PODS_ROOT}/Target Support Files/Pods-AHSClubX/Pods-AHSClubX-frameworks-${CONFIGURATION}-output-files.xcfilelist",
			);
			runOnlyForDeploymentPostprocessing = 0;
			shellPath = /bin/sh;
			shellScript = "\"${PODS_ROOT}/Target Support Files/Pods-AHSClubX/Pods-AHSClubX-frameworks.sh\"\n";
			showEnvVarsInLog = 0;
		};
		E371A88EB78CCE5AF125661E /* [CP] Check Pods Manifest.lock */ = {
			isa = PBXShellScriptBuildPhase;
			buildActionMask = 2147483647;
			files = (
			);
			inputFileListPaths = (
			);
			inputPaths = (
				"${PODS_PODFILE_DIR_PATH}/Podfile.lock",
				"${PODS_ROOT}/Manifest.lock",
			);
			name = "[CP] Check Pods Manifest.lock";
			outputFileListPaths = (
			);
			outputPaths = (
				"$(DERIVED_FILE_DIR)/Pods-AHSClubX-AHSClubXUITests-checkManifestLockResult.txt",
			);
			runOnlyForDeploymentPostprocessing = 0;
			shellPath = /bin/sh;
			shellScript = "diff \"${PODS_PODFILE_DIR_PATH}/Podfile.lock\" \"${PODS_ROOT}/Manifest.lock\" > /dev/null\nif [ $? != 0 ] ; then\n    # print error to STDERR\n    echo \"error: The sandbox is not in sync with the Podfile.lock. Run 'pod install' or update your CocoaPods installation.\" >&2\n    exit 1\nfi\n# This output is used by Xcode 'outputs' to avoid re-running this script phase.\necho \"SUCCESS\" > \"${SCRIPT_OUTPUT_FILE_0}\"\n";
			showEnvVarsInLog = 0;
		};
/* End PBXShellScriptBuildPhase section */

/* Begin PBXSourcesBuildPhase section */
		A5CC1138256477E000872D39 /* Sources */ = {
			isa = PBXSourcesBuildPhase;
			buildActionMask = 2147483647;
			files = (
				907007D5259860F200F64F25 /* EventEditorViewController.swift in Sources */,
				A5CC1140256477E000872D39 /* AppDelegate.swift in Sources */,
				907007F82598648600F64F25 /* LoginVC.swift in Sources */,
				907007DA259860F500F64F25 /* EventTableViewCell.swift in Sources */,
				9070080325986F1C00F64F25 /* EventTableViewController.swift in Sources */,
				907007E4259860FC00F64F25 /* Event.swift in Sources */,
				A5CC1142256477E000872D39 /* SceneDelegate.swift in Sources */,
			);
			runOnlyForDeploymentPostprocessing = 0;
		};
		A5CC114E256477E000872D39 /* Sources */ = {
			isa = PBXSourcesBuildPhase;
			buildActionMask = 2147483647;
			files = (
				A5CC1157256477E000872D39 /* AHSClubXTests.swift in Sources */,
			);
			runOnlyForDeploymentPostprocessing = 0;
		};
		A5CC1159256477E100872D39 /* Sources */ = {
			isa = PBXSourcesBuildPhase;
			buildActionMask = 2147483647;
			files = (
				A5CC1162256477E100872D39 /* AHSClubXUITests.swift in Sources */,
			);
			runOnlyForDeploymentPostprocessing = 0;
		};
/* End PBXSourcesBuildPhase section */

/* Begin PBXTargetDependency section */
		A5CC1154256477E000872D39 /* PBXTargetDependency */ = {
			isa = PBXTargetDependency;
			target = A5CC113B256477E000872D39 /* AHSClubX */;
			targetProxy = A5CC1153256477E000872D39 /* PBXContainerItemProxy */;
		};
		A5CC115F256477E100872D39 /* PBXTargetDependency */ = {
			isa = PBXTargetDependency;
			target = A5CC113B256477E000872D39 /* AHSClubX */;
			targetProxy = A5CC115E256477E100872D39 /* PBXContainerItemProxy */;
		};
/* End PBXTargetDependency section */

/* Begin PBXVariantGroup section */
		A5CC1145256477E000872D39 /* Main.storyboard */ = {
			isa = PBXVariantGroup;
			children = (
				A5CC1146256477E000872D39 /* Base */,
			);
			name = Main.storyboard;
			sourceTree = "<group>";
		};
		A5CC114A256477E000872D39 /* LaunchScreen.storyboard */ = {
			isa = PBXVariantGroup;
			children = (
				A5CC114B256477E000872D39 /* Base */,
			);
			name = LaunchScreen.storyboard;
			sourceTree = "<group>";
		};
/* End PBXVariantGroup section */

/* Begin XCBuildConfiguration section */
		A5CC1164256477E100872D39 /* Debug */ = {
			isa = XCBuildConfiguration;
			buildSettings = {
				ALWAYS_SEARCH_USER_PATHS = NO;
				CLANG_ANALYZER_NONNULL = YES;
				CLANG_ANALYZER_NUMBER_OBJECT_CONVERSION = YES_AGGRESSIVE;
				CLANG_CXX_LANGUAGE_STANDARD = "gnu++14";
				CLANG_CXX_LIBRARY = "libc++";
				CLANG_ENABLE_MODULES = YES;
				CLANG_ENABLE_OBJC_ARC = YES;
				CLANG_ENABLE_OBJC_WEAK = YES;
				CLANG_WARN_BLOCK_CAPTURE_AUTORELEASING = YES;
				CLANG_WARN_BOOL_CONVERSION = YES;
				CLANG_WARN_COMMA = YES;
				CLANG_WARN_CONSTANT_CONVERSION = YES;
				CLANG_WARN_DEPRECATED_OBJC_IMPLEMENTATIONS = YES;
				CLANG_WARN_DIRECT_OBJC_ISA_USAGE = YES_ERROR;
				CLANG_WARN_DOCUMENTATION_COMMENTS = YES;
				CLANG_WARN_EMPTY_BODY = YES;
				CLANG_WARN_ENUM_CONVERSION = YES;
				CLANG_WARN_INFINITE_RECURSION = YES;
				CLANG_WARN_INT_CONVERSION = YES;
				CLANG_WARN_NON_LITERAL_NULL_CONVERSION = YES;
				CLANG_WARN_OBJC_IMPLICIT_RETAIN_SELF = YES;
				CLANG_WARN_OBJC_LITERAL_CONVERSION = YES;
				CLANG_WARN_OBJC_ROOT_CLASS = YES_ERROR;
				CLANG_WARN_QUOTED_INCLUDE_IN_FRAMEWORK_HEADER = YES;
				CLANG_WARN_RANGE_LOOP_ANALYSIS = YES;
				CLANG_WARN_STRICT_PROTOTYPES = YES;
				CLANG_WARN_SUSPICIOUS_MOVE = YES;
				CLANG_WARN_UNGUARDED_AVAILABILITY = YES_AGGRESSIVE;
				CLANG_WARN_UNREACHABLE_CODE = YES;
				CLANG_WARN__DUPLICATE_METHOD_MATCH = YES;
				COPY_PHASE_STRIP = NO;
				DEBUG_INFORMATION_FORMAT = dwarf;
				ENABLE_STRICT_OBJC_MSGSEND = YES;
				ENABLE_TESTABILITY = YES;
				GCC_C_LANGUAGE_STANDARD = gnu11;
				GCC_DYNAMIC_NO_PIC = NO;
				GCC_NO_COMMON_BLOCKS = YES;
				GCC_OPTIMIZATION_LEVEL = 0;
				GCC_PREPROCESSOR_DEFINITIONS = (
					"DEBUG=1",
					"$(inherited)",
				);
				GCC_WARN_64_TO_32_BIT_CONVERSION = YES;
				GCC_WARN_ABOUT_RETURN_TYPE = YES_ERROR;
				GCC_WARN_UNDECLARED_SELECTOR = YES;
				GCC_WARN_UNINITIALIZED_AUTOS = YES_AGGRESSIVE;
				GCC_WARN_UNUSED_FUNCTION = YES;
				GCC_WARN_UNUSED_VARIABLE = YES;
				IPHONEOS_DEPLOYMENT_TARGET = 14.2;
				MTL_ENABLE_DEBUG_INFO = INCLUDE_SOURCE;
				MTL_FAST_MATH = YES;
				ONLY_ACTIVE_ARCH = YES;
				SDKROOT = iphoneos;
				SWIFT_ACTIVE_COMPILATION_CONDITIONS = DEBUG;
				SWIFT_OPTIMIZATION_LEVEL = "-Onone";
			};
			name = Debug;
		};
		A5CC1165256477E100872D39 /* Release */ = {
			isa = XCBuildConfiguration;
			buildSettings = {
				ALWAYS_SEARCH_USER_PATHS = NO;
				CLANG_ANALYZER_NONNULL = YES;
				CLANG_ANALYZER_NUMBER_OBJECT_CONVERSION = YES_AGGRESSIVE;
				CLANG_CXX_LANGUAGE_STANDARD = "gnu++14";
				CLANG_CXX_LIBRARY = "libc++";
				CLANG_ENABLE_MODULES = YES;
				CLANG_ENABLE_OBJC_ARC = YES;
				CLANG_ENABLE_OBJC_WEAK = YES;
				CLANG_WARN_BLOCK_CAPTURE_AUTORELEASING = YES;
				CLANG_WARN_BOOL_CONVERSION = YES;
				CLANG_WARN_COMMA = YES;
				CLANG_WARN_CONSTANT_CONVERSION = YES;
				CLANG_WARN_DEPRECATED_OBJC_IMPLEMENTATIONS = YES;
				CLANG_WARN_DIRECT_OBJC_ISA_USAGE = YES_ERROR;
				CLANG_WARN_DOCUMENTATION_COMMENTS = YES;
				CLANG_WARN_EMPTY_BODY = YES;
				CLANG_WARN_ENUM_CONVERSION = YES;
				CLANG_WARN_INFINITE_RECURSION = YES;
				CLANG_WARN_INT_CONVERSION = YES;
				CLANG_WARN_NON_LITERAL_NULL_CONVERSION = YES;
				CLANG_WARN_OBJC_IMPLICIT_RETAIN_SELF = YES;
				CLANG_WARN_OBJC_LITERAL_CONVERSION = YES;
				CLANG_WARN_OBJC_ROOT_CLASS = YES_ERROR;
				CLANG_WARN_QUOTED_INCLUDE_IN_FRAMEWORK_HEADER = YES;
				CLANG_WARN_RANGE_LOOP_ANALYSIS = YES;
				CLANG_WARN_STRICT_PROTOTYPES = YES;
				CLANG_WARN_SUSPICIOUS_MOVE = YES;
				CLANG_WARN_UNGUARDED_AVAILABILITY = YES_AGGRESSIVE;
				CLANG_WARN_UNREACHABLE_CODE = YES;
				CLANG_WARN__DUPLICATE_METHOD_MATCH = YES;
				COPY_PHASE_STRIP = NO;
				DEBUG_INFORMATION_FORMAT = "dwarf-with-dsym";
				ENABLE_NS_ASSERTIONS = NO;
				ENABLE_STRICT_OBJC_MSGSEND = YES;
				GCC_C_LANGUAGE_STANDARD = gnu11;
				GCC_NO_COMMON_BLOCKS = YES;
				GCC_WARN_64_TO_32_BIT_CONVERSION = YES;
				GCC_WARN_ABOUT_RETURN_TYPE = YES_ERROR;
				GCC_WARN_UNDECLARED_SELECTOR = YES;
				GCC_WARN_UNINITIALIZED_AUTOS = YES_AGGRESSIVE;
				GCC_WARN_UNUSED_FUNCTION = YES;
				GCC_WARN_UNUSED_VARIABLE = YES;
				IPHONEOS_DEPLOYMENT_TARGET = 14.2;
				MTL_ENABLE_DEBUG_INFO = NO;
				MTL_FAST_MATH = YES;
				SDKROOT = iphoneos;
				SWIFT_COMPILATION_MODE = wholemodule;
				SWIFT_OPTIMIZATION_LEVEL = "-O";
				VALIDATE_PRODUCT = YES;
			};
			name = Release;
		};
		A5CC1167256477E100872D39 /* Debug */ = {
			isa = XCBuildConfiguration;
			baseConfigurationReference = 904FAD1A0A50EE488D4EDADC /* Pods-AHSClubX.debug.xcconfig */;
			buildSettings = {
				ASSETCATALOG_COMPILER_APPICON_NAME = AppIcon;
				ASSETCATALOG_COMPILER_GLOBAL_ACCENT_COLOR_NAME = AccentColor;
				CODE_SIGN_STYLE = Automatic;
				INFOPLIST_FILE = AHSClubX/Info.plist;
				LD_RUNPATH_SEARCH_PATHS = (
					"$(inherited)",
					"@executable_path/Frameworks",
				);
				PRODUCT_BUNDLE_IDENTIFIER = "American-High-School.AHSClubX";
				PRODUCT_NAME = "$(TARGET_NAME)";
				SWIFT_VERSION = 5.0;
				TARGETED_DEVICE_FAMILY = "1,2";
			};
			name = Debug;
		};
		A5CC1168256477E100872D39 /* Release */ = {
			isa = XCBuildConfiguration;
			baseConfigurationReference = CC6CA5B096AA1962BFE1F08F /* Pods-AHSClubX.release.xcconfig */;
			buildSettings = {
				ASSETCATALOG_COMPILER_APPICON_NAME = AppIcon;
				ASSETCATALOG_COMPILER_GLOBAL_ACCENT_COLOR_NAME = AccentColor;
				CODE_SIGN_STYLE = Automatic;
				INFOPLIST_FILE = AHSClubX/Info.plist;
				LD_RUNPATH_SEARCH_PATHS = (
					"$(inherited)",
					"@executable_path/Frameworks",
				);
				PRODUCT_BUNDLE_IDENTIFIER = "American-High-School.AHSClubX";
				PRODUCT_NAME = "$(TARGET_NAME)";
				SWIFT_VERSION = 5.0;
				TARGETED_DEVICE_FAMILY = "1,2";
			};
			name = Release;
		};
		A5CC116A256477E100872D39 /* Debug */ = {
			isa = XCBuildConfiguration;
			baseConfigurationReference = 712455559C92C2A563C52062 /* Pods-AHSClubXTests.debug.xcconfig */;
			buildSettings = {
				ALWAYS_EMBED_SWIFT_STANDARD_LIBRARIES = YES;
				BUNDLE_LOADER = "$(TEST_HOST)";
				CODE_SIGN_STYLE = Automatic;
				INFOPLIST_FILE = AHSClubXTests/Info.plist;
				IPHONEOS_DEPLOYMENT_TARGET = 14.2;
				LD_RUNPATH_SEARCH_PATHS = (
					"$(inherited)",
					"@executable_path/Frameworks",
					"@loader_path/Frameworks",
				);
				PRODUCT_BUNDLE_IDENTIFIER = "American-High-School.AHSClubXTests";
				PRODUCT_NAME = "$(TARGET_NAME)";
				SWIFT_VERSION = 5.0;
				TARGETED_DEVICE_FAMILY = "1,2";
				TEST_HOST = "$(BUILT_PRODUCTS_DIR)/AHSClubX.app/AHSClubX";
			};
			name = Debug;
		};
		A5CC116B256477E100872D39 /* Release */ = {
			isa = XCBuildConfiguration;
			baseConfigurationReference = 437F5975AD6741E8A5ED08C4 /* Pods-AHSClubXTests.release.xcconfig */;
			buildSettings = {
				ALWAYS_EMBED_SWIFT_STANDARD_LIBRARIES = YES;
				BUNDLE_LOADER = "$(TEST_HOST)";
				CODE_SIGN_STYLE = Automatic;
				INFOPLIST_FILE = AHSClubXTests/Info.plist;
				IPHONEOS_DEPLOYMENT_TARGET = 14.2;
				LD_RUNPATH_SEARCH_PATHS = (
					"$(inherited)",
					"@executable_path/Frameworks",
					"@loader_path/Frameworks",
				);
				PRODUCT_BUNDLE_IDENTIFIER = "American-High-School.AHSClubXTests";
				PRODUCT_NAME = "$(TARGET_NAME)";
				SWIFT_VERSION = 5.0;
				TARGETED_DEVICE_FAMILY = "1,2";
				TEST_HOST = "$(BUILT_PRODUCTS_DIR)/AHSClubX.app/AHSClubX";
			};
			name = Release;
		};
		A5CC116D256477E100872D39 /* Debug */ = {
			isa = XCBuildConfiguration;
			baseConfigurationReference = 46A3C2E5A167CED9D4B7E382 /* Pods-AHSClubX-AHSClubXUITests.debug.xcconfig */;
			buildSettings = {
				ALWAYS_EMBED_SWIFT_STANDARD_LIBRARIES = YES;
				CODE_SIGN_STYLE = Automatic;
				INFOPLIST_FILE = AHSClubXUITests/Info.plist;
				LD_RUNPATH_SEARCH_PATHS = (
					"$(inherited)",
					"@executable_path/Frameworks",
					"@loader_path/Frameworks",
				);
				PRODUCT_BUNDLE_IDENTIFIER = "American-High-School.AHSClubXUITests";
				PRODUCT_NAME = "$(TARGET_NAME)";
				SWIFT_VERSION = 5.0;
				TARGETED_DEVICE_FAMILY = "1,2";
				TEST_TARGET_NAME = AHSClubX;
			};
			name = Debug;
		};
		A5CC116E256477E100872D39 /* Release */ = {
			isa = XCBuildConfiguration;
			baseConfigurationReference = 395B31CB132E4F8B2BDB93D8 /* Pods-AHSClubX-AHSClubXUITests.release.xcconfig */;
			buildSettings = {
				ALWAYS_EMBED_SWIFT_STANDARD_LIBRARIES = YES;
				CODE_SIGN_STYLE = Automatic;
				INFOPLIST_FILE = AHSClubXUITests/Info.plist;
				LD_RUNPATH_SEARCH_PATHS = (
					"$(inherited)",
					"@executable_path/Frameworks",
					"@loader_path/Frameworks",
				);
				PRODUCT_BUNDLE_IDENTIFIER = "American-High-School.AHSClubXUITests";
				PRODUCT_NAME = "$(TARGET_NAME)";
				SWIFT_VERSION = 5.0;
				TARGETED_DEVICE_FAMILY = "1,2";
				TEST_TARGET_NAME = AHSClubX;
			};
			name = Release;
		};
/* End XCBuildConfiguration section */

/* Begin XCConfigurationList section */
		A5CC1137256477E000872D39 /* Build configuration list for PBXProject "AHSClubX" */ = {
			isa = XCConfigurationList;
			buildConfigurations = (
				A5CC1164256477E100872D39 /* Debug */,
				A5CC1165256477E100872D39 /* Release */,
			);
			defaultConfigurationIsVisible = 0;
			defaultConfigurationName = Release;
		};
		A5CC1166256477E100872D39 /* Build configuration list for PBXNativeTarget "AHSClubX" */ = {
			isa = XCConfigurationList;
			buildConfigurations = (
				A5CC1167256477E100872D39 /* Debug */,
				A5CC1168256477E100872D39 /* Release */,
			);
			defaultConfigurationIsVisible = 0;
			defaultConfigurationName = Release;
		};
		A5CC1169256477E100872D39 /* Build configuration list for PBXNativeTarget "AHSClubXTests" */ = {
			isa = XCConfigurationList;
			buildConfigurations = (
				A5CC116A256477E100872D39 /* Debug */,
				A5CC116B256477E100872D39 /* Release */,
			);
			defaultConfigurationIsVisible = 0;
			defaultConfigurationName = Release;
		};
		A5CC116C256477E100872D39 /* Build configuration list for PBXNativeTarget "AHSClubXUITests" */ = {
			isa = XCConfigurationList;
			buildConfigurations = (
				A5CC116D256477E100872D39 /* Debug */,
				A5CC116E256477E100872D39 /* Release */,
			);
			defaultConfigurationIsVisible = 0;
			defaultConfigurationName = Release;
		};
/* End XCConfigurationList section */
	};
	rootObject = A5CC1134256477E000872D39 /* Project object */;
}
